
Microsoft Visual Studio Solution File, Format Version 12.00
# Visual Studio Version 16
VisualStudioVersion = 16.0.30011.22
MinimumVisualStudioVersion = 10.0.40219.1
Project("{9A19103F-16F7-4668-BE54-9A1E7A4F7556}") = "Amg.Plantuml", "Amg.Plantuml\Amg.Plantuml.csproj", "{60B3510F-5D37-4421-8A8C-41EE4D4D806E}"
EndProject
Project("{9A19103F-16F7-4668-BE54-9A1E7A4F7556}") = "Amg.Plantuml.Tests", "Amg.Plantuml.Tests\Amg.Plantuml.Tests.csproj", "{C1AF2AEC-FB72-4A4C-804B-053A05B6FAA3}"
EndProject
Project("{9A19103F-16F7-4668-BE54-9A1E7A4F7556}") = "edit-plantuml", "edit-plantuml\edit-plantuml.csproj", "{8774E1AE-5725-4082-A631-7160FA2F9ED9}"
EndProject
Project("{2150E333-8FDC-42A3-9474-1A3956D46DE8}") = "Solution Items", "Solution Items", "{FE8D38B6-5AF4-4CC0-B114-78AD2F855289}"
	ProjectSection(SolutionItems) = preProject
		README.md = README.md
		todo.md = todo.md
	EndProjectSection
EndProject
Project("{FAE04EC0-301F-11D3-BF4B-00C04F79EFBC}") = "imd", "imd\imd.csproj", "{ABA78950-86DA-4EA4-A9E7-5D7410644BFC}"
EndProject
Global
	GlobalSection(SolutionConfigurationPlatforms) = preSolution
		Debug|Any CPU = Debug|Any CPU
		Release|Any CPU = Release|Any CPU
	EndGlobalSection
	GlobalSection(ProjectConfigurationPlatforms) = postSolution
		{60B3510F-5D37-4421-8A8C-41EE4D4D806E}.Debug|Any CPU.ActiveCfg = Debug|Any CPU
		{60B3510F-5D37-4421-8A8C-41EE4D4D806E}.Debug|Any CPU.Build.0 = Debug|Any CPU
		{60B3510F-5D37-4421-8A8C-41EE4D4D806E}.Release|Any CPU.ActiveCfg = Release|Any CPU
		{60B3510F-5D37-4421-8A8C-41EE4D4D806E}.Release|Any CPU.Build.0 = Release|Any CPU
		{C1AF2AEC-FB72-4A4C-804B-053A05B6FAA3}.Debug|Any CPU.ActiveCfg = Debug|Any CPU
		{C1AF2AEC-FB72-4A4C-804B-053A05B6FAA3}.Debug|Any CPU.Build.0 = Debug|Any CPU
		{C1AF2AEC-FB72-4A4C-804B-053A05B6FAA3}.Release|Any CPU.ActiveCfg = Release|Any CPU
		{C1AF2AEC-FB72-4A4C-804B-053A05B6FAA3}.Release|Any CPU.Build.0 = Release|Any CPU
		{8774E1AE-5725-4082-A631-7160FA2F9ED9}.Debug|Any CPU.ActiveCfg = Debug|Any CPU
		{8774E1AE-5725-4082-A631-7160FA2F9ED9}.Debug|Any CPU.Build.0 = Debug|Any CPU
		{8774E1AE-5725-4082-A631-7160FA2F9ED9}.Release|Any CPU.ActiveCfg = Release|Any CPU
		{8774E1AE-5725-4082-A631-7160FA2F9ED9}.Release|Any CPU.Build.0 = Release|Any CPU
		{ABA78950-86DA-4EA4-A9E7-5D7410644BFC}.Debug|Any CPU.ActiveCfg = Debug|Any CPU
		{ABA78950-86DA-4EA4-A9E7-5D7410644BFC}.Debug|Any CPU.Build.0 = Debug|Any CPU
		{ABA78950-86DA-4EA4-A9E7-5D7410644BFC}.Release|Any CPU.ActiveCfg = Release|Any CPU
		{ABA78950-86DA-4EA4-A9E7-5D7410644BFC}.Release|Any CPU.Build.0 = Release|Any CPU
	EndGlobalSection
	GlobalSection(SolutionProperties) = preSolution
		HideSolutionNode = FALSE
	EndGlobalSection
	GlobalSection(ExtensibilityGlobals) = postSolution
		SolutionGuid = {FA7BBE08-59AC-4198-B226-0BE25F4A706D}
	EndGlobalSection
EndGlobal
